
Microsoft Visual Studio Solution File, Format Version 12.00
# Visual Studio 15
Project("{FAE04EC0-301F-11D3-BF4B-00C04F79EFBC}") = "Assembly-CSharp-Editor", "Assembly-CSharp-Editor.csproj", "{E90C5553-9682-FF28-0ED8-4043A7D4E91B}"
EndProject
Project("{FAE04EC0-301F-11D3-BF4B-00C04F79EFBC}") = "Assembly-CSharp", "Assembly-CSharp.csproj", "{3DE386EB-8DE1-D1CF-7086-3B9C335215AE}"
EndProject
Global
	GlobalSection(SolutionConfigurationPlatforms) = preSolution
		Debug|Any CPU = Debug|Any CPU
		Release|Any CPU = Release|Any CPU
	EndGlobalSection
	GlobalSection(ProjectConfigurationPlatforms) = postSolution
		{E90C5553-9682-FF28-0ED8-4043A7D4E91B}.Debug|Any CPU.ActiveCfg = Debug|Any CPU
		{E90C5553-9682-FF28-0ED8-4043A7D4E91B}.Debug|Any CPU.Build.0 = Debug|Any CPU
		{E90C5553-9682-FF28-0ED8-4043A7D4E91B}.Release|Any CPU.ActiveCfg = Release|Any CPU
		{E90C5553-9682-FF28-0ED8-4043A7D4E91B}.Release|Any CPU.Build.0 = Release|Any CPU
		{3DE386EB-8DE1-D1CF-7086-3B9C335215AE}.Debug|Any CPU.ActiveCfg = Debug|Any CPU
		{3DE386EB-8DE1-D1CF-7086-3B9C335215AE}.Debug|Any CPU.Build.0 = Debug|Any CPU
		{3DE386EB-8DE1-D1CF-7086-3B9C335215AE}.Release|Any CPU.ActiveCfg = Release|Any CPU
		{3DE386EB-8DE1-D1CF-7086-3B9C335215AE}.Release|Any CPU.Build.0 = Release|Any CPU
	EndGlobalSection
	GlobalSection(SolutionProperties) = preSolution
		HideSolutionNode = FALSE
	EndGlobalSection
EndGlobal
